uuid: 5d4fe7e7-4409-4f8a-8fa7-d63d260c535b
langcode: en
status: true
dependencies:
  module:
    - custom_weather_module
  theme:
    - new_blog
id: customweatherblock
theme: new_blog
region: header_1
weight: -14
provider: null
plugin: custom_weather_block
settings:
  id: custom_weather_block
  label: 'Custom weather block'
  label_display: '0'
  provider: custom_weather_module
visibility: {  }
